
Microsoft Visual Studio Solution File, Format Version 12.00
Project("{FAE04EC0-301F-11D3-BF4B-00C04F79EFBC}") = "Lab2", "Lab2\Lab2.csproj", "{B1FED5FE-1B55-48DC-A78D-12214297FBAE}"
EndProject
Global
	GlobalSection(SolutionConfigurationPlatforms) = preSolution
		Debug|Any CPU = Debug|Any CPU
		Release|Any CPU = Release|Any CPU
	EndGlobalSection
	GlobalSection(ProjectConfigurationPlatforms) = postSolution
		{B1FED5FE-1B55-48DC-A78D-12214297FBAE}.Debug|Any CPU.ActiveCfg = Debug|Any CPU
		{B1FED5FE-1B55-48DC-A78D-12214297FBAE}.Debug|Any CPU.Build.0 = Debug|Any CPU
		{B1FED5FE-1B55-48DC-A78D-12214297FBAE}.Release|Any CPU.ActiveCfg = Release|Any CPU
		{B1FED5FE-1B55-48DC-A78D-12214297FBAE}.Release|Any CPU.Build.0 = Release|Any CPU
	EndGlobalSection
EndGlobal
